
Microsoft Visual Studio Solution File, Format Version 12.00
# Visual Studio Version 17
VisualStudioVersion = 17.0.31903.59
MinimumVisualStudioVersion = 10.0.40219.1
Project("{FAE04EC0-301F-11D3-BF4B-00C04F79EFBC}") = "Dominio", "Dominio\Dominio.csproj", "{5C9AD5E3-BF7C-4AC8-868C-E2B40D1C464A}"
EndProject
Project("{FAE04EC0-301F-11D3-BF4B-00C04F79EFBC}") = "Persistencia", "Persistencia\Persistencia.csproj", "{2C837023-9F49-4741-A289-B52C90677B41}"
EndProject
Project("{FAE04EC0-301F-11D3-BF4B-00C04F79EFBC}") = "ApiJardineria", "ApiJardineria\ApiJardineria.csproj", "{0E98BAFC-9025-4F65-8CFB-1C630CB29196}"
EndProject
Project("{FAE04EC0-301F-11D3-BF4B-00C04F79EFBC}") = "Aplicacion", "Aplicacion\Aplicacion.csproj", "{B3C400C7-2785-4FE3-AE34-61CEE8A4C883}"
EndProject
Global
	GlobalSection(SolutionConfigurationPlatforms) = preSolution
		Debug|Any CPU = Debug|Any CPU
		Release|Any CPU = Release|Any CPU
	EndGlobalSection
	GlobalSection(SolutionProperties) = preSolution
		HideSolutionNode = FALSE
	EndGlobalSection
	GlobalSection(ProjectConfigurationPlatforms) = postSolution
		{5C9AD5E3-BF7C-4AC8-868C-E2B40D1C464A}.Debug|Any CPU.ActiveCfg = Debug|Any CPU
		{5C9AD5E3-BF7C-4AC8-868C-E2B40D1C464A}.Debug|Any CPU.Build.0 = Debug|Any CPU
		{5C9AD5E3-BF7C-4AC8-868C-E2B40D1C464A}.Release|Any CPU.ActiveCfg = Release|Any CPU
		{5C9AD5E3-BF7C-4AC8-868C-E2B40D1C464A}.Release|Any CPU.Build.0 = Release|Any CPU
		{2C837023-9F49-4741-A289-B52C90677B41}.Debug|Any CPU.ActiveCfg = Debug|Any CPU
		{2C837023-9F49-4741-A289-B52C90677B41}.Debug|Any CPU.Build.0 = Debug|Any CPU
		{2C837023-9F49-4741-A289-B52C90677B41}.Release|Any CPU.ActiveCfg = Release|Any CPU
		{2C837023-9F49-4741-A289-B52C90677B41}.Release|Any CPU.Build.0 = Release|Any CPU
		{0E98BAFC-9025-4F65-8CFB-1C630CB29196}.Debug|Any CPU.ActiveCfg = Debug|Any CPU
		{0E98BAFC-9025-4F65-8CFB-1C630CB29196}.Debug|Any CPU.Build.0 = Debug|Any CPU
		{0E98BAFC-9025-4F65-8CFB-1C630CB29196}.Release|Any CPU.ActiveCfg = Release|Any CPU
		{0E98BAFC-9025-4F65-8CFB-1C630CB29196}.Release|Any CPU.Build.0 = Release|Any CPU
		{B3C400C7-2785-4FE3-AE34-61CEE8A4C883}.Debug|Any CPU.ActiveCfg = Debug|Any CPU
		{B3C400C7-2785-4FE3-AE34-61CEE8A4C883}.Debug|Any CPU.Build.0 = Debug|Any CPU
		{B3C400C7-2785-4FE3-AE34-61CEE8A4C883}.Release|Any CPU.ActiveCfg = Release|Any CPU
		{B3C400C7-2785-4FE3-AE34-61CEE8A4C883}.Release|Any CPU.Build.0 = Release|Any CPU
	EndGlobalSection
EndGlobal
